// !$*UTF8*$!
{
	archiveVersion = 1;
	classes = {
	};
	objectVersion = 50;
	objects = {

/* Begin PBXBuildFile section */
		19228F1520A0E11800EB738F /* Settings.swift in Sources */ = {isa = PBXBuildFile; fileRef = 19228F1420A0E11800EB738F /* Settings.swift */; };
		193FE1F2209B610A00E29C44 /* AppDelegate.swift in Sources */ = {isa = PBXBuildFile; fileRef = 193FE1F1209B610A00E29C44 /* AppDelegate.swift */; };
		193FE1F4209B610A00E29C44 /* ViewController.swift in Sources */ = {isa = PBXBuildFile; fileRef = 193FE1F3209B610A00E29C44 /* ViewController.swift */; };
		193FE1F7209B610A00E29C44 /* Main.storyboard in Resources */ = {isa = PBXBuildFile; fileRef = 193FE1F5209B610A00E29C44 /* Main.storyboard */; };
		193FE1F9209B610C00E29C44 /* Assets.xcassets in Resources */ = {isa = PBXBuildFile; fileRef = 193FE1F8209B610C00E29C44 /* Assets.xcassets */; };
		193FE1FC209B610C00E29C44 /* LaunchScreen.storyboard in Resources */ = {isa = PBXBuildFile; fileRef = 193FE1FA209B610C00E29C44 /* LaunchScreen.storyboard */; };
		19D3AA6120A0A06E003EA8E2 /* Concentration.swift in Sources */ = {isa = PBXBuildFile; fileRef = 19D3AA6020A0A06E003EA8E2 /* Concentration.swift */; };
		19D3AA6320A0A100003EA8E2 /* Card.swift in Sources */ = {isa = PBXBuildFile; fileRef = 19D3AA6220A0A100003EA8E2 /* Card.swift */; };
		19D3AA6820A0C4F7003EA8E2 /* Theme.swift in Sources */ = {isa = PBXBuildFile; fileRef = 19D3AA6720A0C4F7003EA8E2 /* Theme.swift */; };
/* End PBXBuildFile section */

/* Begin PBXFileReference section */
		19228F1420A0E11800EB738F /* Settings.swift */ = {isa = PBXFileReference; lastKnownFileType = sourcecode.swift; path = Settings.swift; sourceTree = "<group>"; };
		193FE1EE209B610A00E29C44 /* Concentration.app */ = {isa = PBXFileReference; explicitFileType = wrapper.application; includeInIndex = 0; path = Concentration.app; sourceTree = BUILT_PRODUCTS_DIR; };
		193FE1F1209B610A00E29C44 /* AppDelegate.swift */ = {isa = PBXFileReference; lastKnownFileType = sourcecode.swift; path = AppDelegate.swift; sourceTree = "<group>"; };
		193FE1F3209B610A00E29C44 /* ViewController.swift */ = {isa = PBXFileReference; lastKnownFileType = sourcecode.swift; path = ViewController.swift; sourceTree = "<group>"; };
		193FE1F6209B610A00E29C44 /* Base */ = {isa = PBXFileReference; lastKnownFileType = file.storyboard; name = Base; path = Base.lproj/Main.storyboard; sourceTree = "<group>"; };
		193FE1F8209B610C00E29C44 /* Assets.xcassets */ = {isa = PBXFileReference; lastKnownFileType = folder.assetcatalog; path = Assets.xcassets; sourceTree = "<group>"; };
		193FE1FB209B610C00E29C44 /* Base */ = {isa = PBXFileReference; lastKnownFileType = file.storyboard; name = Base; path = Base.lproj/LaunchScreen.storyboard; sourceTree = "<group>"; };
		193FE1FD209B610C00E29C44 /* Info.plist */ = {isa = PBXFileReference; lastKnownFileType = text.plist.xml; path = Info.plist; sourceTree = "<group>"; };
		19D3AA6020A0A06E003EA8E2 /* Concentration.swift */ = {isa = PBXFileReference; lastKnownFileType = sourcecode.swift; path = Concentration.swift; sourceTree = "<group>"; };
		19D3AA6220A0A100003EA8E2 /* Card.swift */ = {isa = PBXFileReference; lastKnownFileType = sourcecode.swift; path = Card.swift; sourceTree = "<group>"; };
		19D3AA6720A0C4F7003EA8E2 /* Theme.swift */ = {isa = PBXFileReference; lastKnownFileType = sourcecode.swift; path = Theme.swift; sourceTree = "<group>"; };
/* End PBXFileReference section */

/* Begin PBXFrameworksBuildPhase section */
		193FE1EB209B610A00E29C44 /* Frameworks */ = {
			isa = PBXFrameworksBuildPhase;
			buildActionMask = 2147483647;
			files = (
			);
			runOnlyForDeploymentPostprocessing = 0;
		};
/* End PBXFrameworksBuildPhase section */

/* Begin PBXGroup section */
		193FE1E5209B610A00E29C44 = {
			isa = PBXGroup;
			children = (
				193FE1F0209B610A00E29C44 /* Concentration */,
				193FE1EF209B610A00E29C44 /* Products */,
			);
			sourceTree = "<group>";
		};
		193FE1EF209B610A00E29C44 /* Products */ = {
			isa = PBXGroup;
			children = (
				193FE1EE209B610A00E29C44 /* Concentration.app */,
			);
			name = Products;
			sourceTree = "<group>";
		};
		193FE1F0209B610A00E29C44 /* Concentration */ = {
			isa = PBXGroup;
			children = (
				193FE1FD209B610C00E29C44 /* Info.plist */,
				19D3AA6420A0BBEC003EA8E2 /* Controller */,
				19D3AA6520A0BC06003EA8E2 /* Model */,
				193FE203209B61E700E29C44 /* Supporting Files */,
				19D3AA6620A0BC20003EA8E2 /* View */,
			);
			path = Concentration;
			sourceTree = "<group>";
		};
		193FE203209B61E700E29C44 /* Supporting Files */ = {
			isa = PBXGroup;
			children = (
				193FE1F1209B610A00E29C44 /* AppDelegate.swift */,
				193FE1F8209B610C00E29C44 /* Assets.xcassets */,
				193FE1FA209B610C00E29C44 /* LaunchScreen.storyboard */,
			);
			path = "Supporting Files";
			sourceTree = "<group>";
		};
		19D3AA6420A0BBEC003EA8E2 /* Controller */ = {
			isa = PBXGroup;
			children = (
				193FE1F3209B610A00E29C44 /* ViewController.swift */,
			);
			path = Controller;
			sourceTree = "<group>";
		};
		19D3AA6520A0BC06003EA8E2 /* Model */ = {
			isa = PBXGroup;
			children = (
				19D3AA6020A0A06E003EA8E2 /* Concentration.swift */,
				19D3AA6220A0A100003EA8E2 /* Card.swift */,
			);
			path = Model;
			sourceTree = "<group>";
		};
		19D3AA6620A0BC20003EA8E2 /* View */ = {
			isa = PBXGroup;
			children = (
				193FE1F5209B610A00E29C44 /* Main.storyboard */,
				19D3AA6720A0C4F7003EA8E2 /* Theme.swift */,
				19228F1420A0E11800EB738F /* Settings.swift */,
			);
			path = View;
			sourceTree = "<group>";
		};
/* End PBXGroup section */

/* Begin PBXNativeTarget section */
		193FE1ED209B610A00E29C44 /* Concentration */ = {
			isa = PBXNativeTarget;
			buildConfigurationList = 193FE200209B610C00E29C44 /* Build configuration list for PBXNativeTarget "Concentration" */;
			buildPhases = (
				193FE1EA209B610A00E29C44 /* Sources */,
				193FE1EB209B610A00E29C44 /* Frameworks */,
				193FE1EC209B610A00E29C44 /* Resources */,
			);
			buildRules = (
			);
			dependencies = (
			);
			name = Concentration;
			productName = Concentration;
			productReference = 193FE1EE209B610A00E29C44 /* Concentration.app */;
			productType = "com.apple.product-type.application";
		};
/* End PBXNativeTarget section */

/* Begin PBXProject section */
		193FE1E6209B610A00E29C44 /* Project object */ = {
			isa = PBXProject;
			attributes = {
				LastSwiftUpdateCheck = 0930;
				LastUpgradeCheck = 0930;
				ORGANIZATIONNAME = "Nirav Patel";
				TargetAttributes = {
					193FE1ED209B610A00E29C44 = {
						CreatedOnToolsVersion = 9.3;
					};
				};
			};
			buildConfigurationList = 193FE1E9209B610A00E29C44 /* Build configuration list for PBXProject "Concentration" */;
			compatibilityVersion = "Xcode 9.3";
			developmentRegion = en;
			hasScannedForEncodings = 0;
			knownRegions = (
				en,
				Base,
			);
			mainGroup = 193FE1E5209B610A00E29C44;
			productRefGroup = 193FE1EF209B610A00E29C44 /* Products */;
			projectDirPath = "";
			projectRoot = "";
			targets = (
				193FE1ED209B610A00E29C44 /* Concentration */,
			);
		};
/* End PBXProject section */

/* Begin PBXResourcesBuildPhase section */
		193FE1EC209B610A00E29C44 /* Resources */ = {
			isa = PBXResourcesBuildPhase;
			buildActionMask = 2147483647;
			files = (
				193FE1FC209B610C00E29C44 /* LaunchScreen.storyboard in Resources */,
				193FE1F9209B610C00E29C44 /* Assets.xcassets in Resources */,
				193FE1F7209B610A00E29C44 /* Main.storyboard in Resources */,
			);
			runOnlyForDeploymentPostprocessing = 0;
		};
/* End PBXResourcesBuildPhase section */

/* Begin PBXSourcesBuildPhase section */
		193FE1EA209B610A00E29C44 /* Sources */ = {
			isa = PBXSourcesBuildPhase;
			buildActionMask = 2147483647;
			files = (
				19228F1520A0E11800EB738F /* Settings.swift in Sources */,
				193FE1F4209B610A00E29C44 /* ViewController.swift in Sources */,
				193FE1F2209B610A00E29C44 /* AppDelegate.swift in Sources */,
				19D3AA6820A0C4F7003EA8E2 /* Theme.swift in Sources */,
				19D3AA6120A0A06E003EA8E2 /* Concentration.swift in Sources */,
				19D3AA6320A0A100003EA8E2 /* Card.swift in Sources */,
			);
			runOnlyForDeploymentPostprocessing = 0;
		};
/* End PBXSourcesBuildPhase section */

/* Begin PBXVariantGroup section */
		193FE1F5209B610A00E29C44 /* Main.storyboard */ = {
			isa = PBXVariantGroup;
			children = (
				193FE1F6209B610A00E29C44 /* Base */,
			);
			name = Main.storyboard;
			sourceTree = "<group>";
		};
		193FE1FA209B610C00E29C44 /* LaunchScreen.storyboard */ = {
			isa = PBXVariantGroup;
			children = (
				193FE1FB209B610C00E29C44 /* Base */,
			);
			name = LaunchScreen.storyboard;
			sourceTree = "<group>";
		};
/* End PBXVariantGroup section */

/* Begin XCBuildConfiguration section */
		193FE1FE209B610C00E29C44 /* Debug */ = {
			isa = XCBuildConfiguration;
			buildSettings = {
				ALWAYS_SEARCH_USER_PATHS = NO;
				CLANG_ANALYZER_NONNULL = YES;
				CLANG_ANALYZER_NUMBER_OBJECT_CONVERSION = YES_AGGRESSIVE;
				CLANG_CXX_LANGUAGE_STANDARD = "gnu++14";
				CLANG_CXX_LIBRARY = "libc++";
				CLANG_ENABLE_MODULES = YES;
				CLANG_ENABLE_OBJC_ARC = YES;
				CLANG_ENABLE_OBJC_WEAK = YES;
				CLANG_WARN_BLOCK_CAPTURE_AUTORELEASING = YES;
				CLANG_WARN_BOOL_CONVERSION = YES;
				CLANG_WARN_COMMA = YES;
				CLANG_WARN_CONSTANT_CONVERSION = YES;
				CLANG_WARN_DEPRECATED_OBJC_IMPLEMENTATIONS = YES;
				CLANG_WARN_DIRECT_OBJC_ISA_USAGE = YES_ERROR;
				CLANG_WARN_DOCUMENTATION_COMMENTS = YES;
				CLANG_WARN_EMPTY_BODY = YES;
				CLANG_WARN_ENUM_CONVERSION = YES;
				CLANG_WARN_INFINITE_RECURSION = YES;
				CLANG_WARN_INT_CONVERSION = YES;
				CLANG_WARN_NON_LITERAL_NULL_CONVERSION = YES;
				CLANG_WARN_OBJC_IMPLICIT_RETAIN_SELF = YES;
				CLANG_WARN_OBJC_LITERAL_CONVERSION = YES;
				CLANG_WARN_OBJC_ROOT_CLASS = YES_ERROR;
				CLANG_WARN_RANGE_LOOP_ANALYSIS = YES;
				CLANG_WARN_STRICT_PROTOTYPES = YES;
				CLANG_WARN_SUSPICIOUS_MOVE = YES;
				CLANG_WARN_UNGUARDED_AVAILABILITY = YES_AGGRESSIVE;
				CLANG_WARN_UNREACHABLE_CODE = YES;
				CLANG_WARN__DUPLICATE_METHOD_MATCH = YES;
				CODE_SIGN_IDENTITY = "iPhone Developer";
				COPY_PHASE_STRIP = NO;
				DEBUG_INFORMATION_FORMAT = dwarf;
				ENABLE_STRICT_OBJC_MSGSEND = YES;
				ENABLE_TESTABILITY = YES;
				GCC_C_LANGUAGE_STANDARD = gnu11;
				GCC_DYNAMIC_NO_PIC = NO;
				GCC_NO_COMMON_BLOCKS = YES;
				GCC_OPTIMIZATION_LEVEL = 0;
				GCC_PREPROCESSOR_DEFINITIONS = (
					"DEBUG=1",
					"$(inherited)",
				);
				GCC_WARN_64_TO_32_BIT_CONVERSION = YES;
				GCC_WARN_ABOUT_RETURN_TYPE = YES_ERROR;
				GCC_WARN_UNDECLARED_SELECTOR = YES;
				GCC_WARN_UNINITIALIZED_AUTOS = YES_AGGRESSIVE;
				GCC_WARN_UNUSED_FUNCTION = YES;
				GCC_WARN_UNUSED_VARIABLE = YES;
				IPHONEOS_DEPLOYMENT_TARGET = 11.3;
				MTL_ENABLE_DEBUG_INFO = YES;
				ONLY_ACTIVE_ARCH = YES;
				SDKROOT = iphoneos;
				SWIFT_ACTIVE_COMPILATION_CONDITIONS = DEBUG;
				SWIFT_OPTIMIZATION_LEVEL = "-Onone";
			};
			name = Debug;
		};
		193FE1FF209B610C00E29C44 /* Release */ = {
			isa = XCBuildConfiguration;
			buildSettings = {
				ALWAYS_SEARCH_USER_PATHS = NO;
				CLANG_ANALYZER_NONNULL = YES;
				CLANG_ANALYZER_NUMBER_OBJECT_CONVERSION = YES_AGGRESSIVE;
				CLANG_CXX_LANGUAGE_STANDARD = "gnu++14";
				CLANG_CXX_LIBRARY = "libc++";
				CLANG_ENABLE_MODULES = YES;
				CLANG_ENABLE_OBJC_ARC = YES;
				CLANG_ENABLE_OBJC_WEAK = YES;
				CLANG_WARN_BLOCK_CAPTURE_AUTORELEASING = YES;
				CLANG_WARN_BOOL_CONVERSION = YES;
				CLANG_WARN_COMMA = YES;
				CLANG_WARN_CONSTANT_CONVERSION = YES;
				CLANG_WARN_DEPRECATED_OBJC_IMPLEMENTATIONS = YES;
				CLANG_WARN_DIRECT_OBJC_ISA_USAGE = YES_ERROR;
				CLANG_WARN_DOCUMENTATION_COMMENTS = YES;
				CLANG_WARN_EMPTY_BODY = YES;
				CLANG_WARN_ENUM_CONVERSION = YES;
				CLANG_WARN_INFINITE_RECURSION = YES;
				CLANG_WARN_INT_CONVERSION = YES;
				CLANG_WARN_NON_LITERAL_NULL_CONVERSION = YES;
				CLANG_WARN_OBJC_IMPLICIT_RETAIN_SELF = YES;
				CLANG_WARN_OBJC_LITERAL_CONVERSION = YES;
				CLANG_WARN_OBJC_ROOT_CLASS = YES_ERROR;
				CLANG_WARN_RANGE_LOOP_ANALYSIS = YES;
				CLANG_WARN_STRICT_PROTOTYPES = YES;
				CLANG_WARN_SUSPICIOUS_MOVE = YES;
				CLANG_WARN_UNGUARDED_AVAILABILITY = YES_AGGRESSIVE;
				CLANG_WARN_UNREACHABLE_CODE = YES;
				CLANG_WARN__DUPLICATE_METHOD_MATCH = YES;
				CODE_SIGN_IDENTITY = "iPhone Developer";
				COPY_PHASE_STRIP = NO;
				DEBUG_INFORMATION_FORMAT = "dwarf-with-dsym";
				ENABLE_NS_ASSERTIONS = NO;
				ENABLE_STRICT_OBJC_MSGSEND = YES;
				GCC_C_LANGUAGE_STANDARD = gnu11;
				GCC_NO_COMMON_BLOCKS = YES;
				GCC_WARN_64_TO_32_BIT_CONVERSION = YES;
				GCC_WARN_ABOUT_RETURN_TYPE = YES_ERROR;
				GCC_WARN_UNDECLARED_SELECTOR = YES;
				GCC_WARN_UNINITIALIZED_AUTOS = YES_AGGRESSIVE;
				GCC_WARN_UNUSED_FUNCTION = YES;
				GCC_WARN_UNUSED_VARIABLE = YES;
				IPHONEOS_DEPLOYMENT_TARGET = 11.3;
				MTL_ENABLE_DEBUG_INFO = NO;
				SDKROOT = iphoneos;
				SWIFT_COMPILATION_MODE = wholemodule;
				SWIFT_OPTIMIZATION_LEVEL = "-O";
				VALIDATE_PRODUCT = YES;
			};
			name = Release;
		};
		193FE201209B610C00E29C44 /* Debug */ = {
			isa = XCBuildConfiguration;
			buildSettings = {
				ASSETCATALOG_COMPILER_APPICON_NAME = AppIcon;
				CODE_SIGN_STYLE = Automatic;
				INFOPLIST_FILE = Concentration/Info.plist;
				LD_RUNPATH_SEARCH_PATHS = (
					"$(inherited)",
					"@executable_path/Frameworks",
				);
				PRODUCT_BUNDLE_IDENTIFIER = Pratice.Concentration;
				PRODUCT_NAME = "$(TARGET_NAME)";
				SWIFT_VERSION = 4.0;
				TARGETED_DEVICE_FAMILY = "1,2";
			};
			name = Debug;
		};
		193FE202209B610C00E29C44 /* Release */ = {
			isa = XCBuildConfiguration;
			buildSettings = {
				ASSETCATALOG_COMPILER_APPICON_NAME = AppIcon;
				CODE_SIGN_STYLE = Automatic;
				INFOPLIST_FILE = Concentration/Info.plist;
				LD_RUNPATH_SEARCH_PATHS = (
					"$(inherited)",
					"@executable_path/Frameworks",
				);
				PRODUCT_BUNDLE_IDENTIFIER = Pratice.Concentration;
				PRODUCT_NAME = "$(TARGET_NAME)";
				SWIFT_VERSION = 4.0;
				TARGETED_DEVICE_FAMILY = "1,2";
			};
			name = Release;
		};
/* End XCBuildConfiguration section */

/* Begin XCConfigurationList section */
		193FE1E9209B610A00E29C44 /* Build configuration list for PBXProject "Concentration" */ = {
			isa = XCConfigurationList;
			buildConfigurations = (
				193FE1FE209B610C00E29C44 /* Debug */,
				193FE1FF209B610C00E29C44 /* Release */,
			);
			defaultConfigurationIsVisible = 0;
			defaultConfigurationName = Release;
		};
		193FE200209B610C00E29C44 /* Build configuration list for PBXNativeTarget "Concentration" */ = {
			isa = XCConfigurationList;
			buildConfigurations = (
				193FE201209B610C00E29C44 /* Debug */,
				193FE202209B610C00E29C44 /* Release */,
			);
			defaultConfigurationIsVisible = 0;
			defaultConfigurationName = Release;
		};
/* End XCConfigurationList section */
	};
	rootObject = 193FE1E6209B610A00E29C44 /* Project object */;
}
